
Microsoft Visual Studio Solution File, Format Version 12.00
# Visual Studio Version 17
VisualStudioVersion = 17.4.33213.308
MinimumVisualStudioVersion = 10.0.40219.1
Project("{FAE04EC0-301F-11D3-BF4B-00C04F79EFBC}") = "ConsoleApp1", "ConsoleApp1\ConsoleApp1.csproj", "{82177B82-B322-4994-B9C9-3A4EB58D1613}"
EndProject
Global
	GlobalSection(SolutionConfigurationPlatforms) = preSolution
		Debug|Any CPU = Debug|Any CPU
		Release|Any CPU = Release|Any CPU
	EndGlobalSection
	GlobalSection(ProjectConfigurationPlatforms) = postSolution
		{82177B82-B322-4994-B9C9-3A4EB58D1613}.Debug|Any CPU.ActiveCfg = Debug|Any CPU
		{82177B82-B322-4994-B9C9-3A4EB58D1613}.Debug|Any CPU.Build.0 = Debug|Any CPU
		{82177B82-B322-4994-B9C9-3A4EB58D1613}.Release|Any CPU.ActiveCfg = Release|Any CPU
		{82177B82-B322-4994-B9C9-3A4EB58D1613}.Release|Any CPU.Build.0 = Release|Any CPU
	EndGlobalSection
	GlobalSection(SolutionProperties) = preSolution
		HideSolutionNode = FALSE
	EndGlobalSection
	GlobalSection(ExtensibilityGlobals) = postSolution
		SolutionGuid = {8CF33F02-34C6-45CE-84BF-341CD8113714}
	EndGlobalSection
EndGlobal
